
Microsoft Visual Studio Solution File, Format Version 12.00
# Visual Studio Version 16
VisualStudioVersion = 16.0.30503.244
MinimumVisualStudioVersion = 10.0.40219.1
Project("{FAE04EC0-301F-11D3-BF4B-00C04F79EFBC}") = "Translator", "Translator.csproj", "{80868020-E37F-4B83-B0B7-F62824CF97EB}"
EndProject
Global
	GlobalSection(SolutionConfigurationPlatforms) = preSolution
		Debug|Any CPU = Debug|Any CPU
		Release|Any CPU = Release|Any CPU
	EndGlobalSection
	GlobalSection(ProjectConfigurationPlatforms) = postSolution
		{80868020-E37F-4B83-B0B7-F62824CF97EB}.Debug|Any CPU.ActiveCfg = Debug|Any CPU
		{80868020-E37F-4B83-B0B7-F62824CF97EB}.Debug|Any CPU.Build.0 = Debug|Any CPU
		{80868020-E37F-4B83-B0B7-F62824CF97EB}.Release|Any CPU.ActiveCfg = Release|Any CPU
		{80868020-E37F-4B83-B0B7-F62824CF97EB}.Release|Any CPU.Build.0 = Release|Any CPU
	EndGlobalSection
	GlobalSection(SolutionProperties) = preSolution
		HideSolutionNode = FALSE
	EndGlobalSection
	GlobalSection(ExtensibilityGlobals) = postSolution
		SolutionGuid = {33C1332B-C163-431B-B26E-1889DED605E8}
	EndGlobalSection
EndGlobal
